
Microsoft Visual Studio Solution File, Format Version 12.00
# Visual Studio Version 16
VisualStudioVersion = 16.0.29020.237
MinimumVisualStudioVersion = 10.0.40219.1
Project("{FAE04EC0-301F-11D3-BF4B-00C04F79EFBC}") = "restlessmedia.Module.Blog", "src\restlessmedia.Module.Blog.csproj", "{643D583F-5103-47F2-9510-D1782F4E8F56}"
EndProject
Project("{2150E333-8FDC-42A3-9474-1A3956D46DE8}") = "Solution Items", "Solution Items", "{639325F2-FD9A-4ACC-9732-2A5F2B2CD050}"
	ProjectSection(SolutionItems) = preProject
		.gitignore = .gitignore
		appveyor.yml = appveyor.yml
		nuget.config = nuget.config
		README.md = README.md
	EndProjectSection
EndProject
Project("{FAE04EC0-301F-11D3-BF4B-00C04F79EFBC}") = "restlessmedia.Module.Blog.UnitTest", "restlessmedia.Module.Blog.UnitTest\restlessmedia.Module.Blog.UnitTest.csproj", "{D0E12BE5-A8FD-43E2-B2BE-03FB194A69A5}"
EndProject
Global
	GlobalSection(SolutionConfigurationPlatforms) = preSolution
		Debug|Any CPU = Debug|Any CPU
		Release|Any CPU = Release|Any CPU
	EndGlobalSection
	GlobalSection(ProjectConfigurationPlatforms) = postSolution
		{643D583F-5103-47F2-9510-D1782F4E8F56}.Debug|Any CPU.ActiveCfg = Debug|Any CPU
		{643D583F-5103-47F2-9510-D1782F4E8F56}.Debug|Any CPU.Build.0 = Debug|Any CPU
		{643D583F-5103-47F2-9510-D1782F4E8F56}.Release|Any CPU.ActiveCfg = Release|Any CPU
		{643D583F-5103-47F2-9510-D1782F4E8F56}.Release|Any CPU.Build.0 = Release|Any CPU
		{D0E12BE5-A8FD-43E2-B2BE-03FB194A69A5}.Debug|Any CPU.ActiveCfg = Debug|Any CPU
		{D0E12BE5-A8FD-43E2-B2BE-03FB194A69A5}.Debug|Any CPU.Build.0 = Debug|Any CPU
		{D0E12BE5-A8FD-43E2-B2BE-03FB194A69A5}.Release|Any CPU.ActiveCfg = Release|Any CPU
		{D0E12BE5-A8FD-43E2-B2BE-03FB194A69A5}.Release|Any CPU.Build.0 = Release|Any CPU
	EndGlobalSection
	GlobalSection(SolutionProperties) = preSolution
		HideSolutionNode = FALSE
	EndGlobalSection
	GlobalSection(ExtensibilityGlobals) = postSolution
		EnterpriseLibraryConfigurationToolBinariesPathV6 = packages\EnterpriseLibrary.Common.6.0.1304.0\lib\NET45;packages\EnterpriseLibrary.TransientFaultHandling.6.0.1304.0\lib\portable-net45+win+wp8
		SolutionGuid = {27A1A0FB-A896-4AAD-8A72-3E5046A45825}
	EndGlobalSection
EndGlobal
